// !$*UTF8*$!
{
	archiveVersion = 1;
	classes = {
	};
	objectVersion = 50;
	objects = {

/* Begin PBXBuildFile section */
		A9D3D4FB2350E7A3004F46AC /* main.swift in Sources */ = {isa = PBXBuildFile; fileRef = A9D3D4FA2350E7A3004F46AC /* main.swift */; };
		A9D3D50D23510E08004F46AC /* WebViewInjector.swift in Sources */ = {isa = PBXBuildFile; fileRef = A9D3D50C23510E08004F46AC /* WebViewInjector.swift */; };
/* End PBXBuildFile section */

/* Begin PBXCopyFilesBuildPhase section */
		A9D3D4F52350E7A3004F46AC /* CopyFiles */ = {
			isa = PBXCopyFilesBuildPhase;
			buildActionMask = 2147483647;
			dstPath = /usr/share/man/man1/;
			dstSubfolderSpec = 0;
			files = (
			);
			runOnlyForDeploymentPostprocessing = 1;
		};
/* End PBXCopyFilesBuildPhase section */

/* Begin PBXFileReference section */
		A99D628F2357A1EE00E04AAC /* bgpage.plist */ = {isa = PBXFileReference; lastKnownFileType = text.plist.xml; path = bgpage.plist; sourceTree = "<group>"; };
		A99D62922357B4DF00E04AAC /* dist.sh */ = {isa = PBXFileReference; lastKnownFileType = text.script.sh; path = dist.sh; sourceTree = "<group>"; };
		A99D62992357CAB800E04AAC /* build.yml */ = {isa = PBXFileReference; lastKnownFileType = text.yaml; path = build.yml; sourceTree = "<group>"; };
		A99D629A2357CB1B00E04AAC /* build_prerelease.yml */ = {isa = PBXFileReference; lastKnownFileType = text.yaml; path = build_prerelease.yml; sourceTree = "<group>"; };
		A9D3D4F72350E7A3004F46AC /* bgpage */ = {isa = PBXFileReference; explicitFileType = "compiled.mach-o.executable"; includeInIndex = 0; path = bgpage; sourceTree = BUILT_PRODUCTS_DIR; };
		A9D3D4FA2350E7A3004F46AC /* main.swift */ = {isa = PBXFileReference; lastKnownFileType = sourcecode.swift; path = main.swift; sourceTree = "<group>"; };
		A9D3D5032350E970004F46AC /* README.md */ = {isa = PBXFileReference; lastKnownFileType = net.daringfireball.markdown; path = README.md; sourceTree = "<group>"; };
		A9D3D50B23510CBE004F46AC /* .bgpage.html */ = {isa = PBXFileReference; fileEncoding = 4; lastKnownFileType = text.html; path = .bgpage.html; sourceTree = "<group>"; };
		A9D3D50C23510E08004F46AC /* WebViewInjector.swift */ = {isa = PBXFileReference; lastKnownFileType = sourcecode.swift; path = WebViewInjector.swift; sourceTree = "<group>"; };
		A9D3D50E235110A8004F46AC /* COPYING */ = {isa = PBXFileReference; lastKnownFileType = text; path = COPYING; sourceTree = "<group>"; };
		A9D3D51023513CA7004F46AC /* .gitignore */ = {isa = PBXFileReference; lastKnownFileType = text; path = .gitignore; sourceTree = "<group>"; };
/* End PBXFileReference section */

/* Begin PBXFrameworksBuildPhase section */
		A9D3D4F42350E7A3004F46AC /* Frameworks */ = {
			isa = PBXFrameworksBuildPhase;
			buildActionMask = 2147483647;
			files = (
			);
			runOnlyForDeploymentPostprocessing = 0;
		};
/* End PBXFrameworksBuildPhase section */

/* Begin PBXGroup section */
		A99D628E2357A1D300E04AAC /* agent */ = {
			isa = PBXGroup;
			children = (
				A99D628F2357A1EE00E04AAC /* bgpage.plist */,
			);
			path = agent;
			sourceTree = "<group>";
		};
		A99D62912357B4CB00E04AAC /* scripts */ = {
			isa = PBXGroup;
			children = (
				A99D62922357B4DF00E04AAC /* dist.sh */,
			);
			path = scripts;
			sourceTree = "<group>";
		};
		A99D62972357CAB800E04AAC /* .github */ = {
			isa = PBXGroup;
			children = (
				A99D62982357CAB800E04AAC /* workflows */,
			);
			path = .github;
			sourceTree = "<group>";
		};
		A99D62982357CAB800E04AAC /* workflows */ = {
			isa = PBXGroup;
			children = (
				A99D62992357CAB800E04AAC /* build.yml */,
				A99D629A2357CB1B00E04AAC /* build_prerelease.yml */,
			);
			path = workflows;
			sourceTree = "<group>";
		};
		A9D3D4EE2350E7A3004F46AC = {
			isa = PBXGroup;
			children = (
				A99D62972357CAB800E04AAC /* .github */,
				A99D62912357B4CB00E04AAC /* scripts */,
				A99D628E2357A1D300E04AAC /* agent */,
				A9D3D51023513CA7004F46AC /* .gitignore */,
				A9D3D50B23510CBE004F46AC /* .bgpage.html */,
				A9D3D50E235110A8004F46AC /* COPYING */,
				A9D3D5032350E970004F46AC /* README.md */,
				A9D3D4F92350E7A3004F46AC /* bgpage */,
				A9D3D4F82350E7A3004F46AC /* Products */,
			);
			sourceTree = "<group>";
		};
		A9D3D4F82350E7A3004F46AC /* Products */ = {
			isa = PBXGroup;
			children = (
				A9D3D4F72350E7A3004F46AC /* bgpage */,
			);
			name = Products;
			sourceTree = "<group>";
		};
		A9D3D4F92350E7A3004F46AC /* bgpage */ = {
			isa = PBXGroup;
			children = (
				A9D3D4FA2350E7A3004F46AC /* main.swift */,
				A9D3D50C23510E08004F46AC /* WebViewInjector.swift */,
			);
			path = bgpage;
			sourceTree = "<group>";
		};
/* End PBXGroup section */

/* Begin PBXNativeTarget section */
		A9D3D4F62350E7A3004F46AC /* bgpage */ = {
			isa = PBXNativeTarget;
			buildConfigurationList = A9D3D4FE2350E7A3004F46AC /* Build configuration list for PBXNativeTarget "bgpage" */;
			buildPhases = (
				A9D3D4F32350E7A3004F46AC /* Sources */,
				A9D3D4F42350E7A3004F46AC /* Frameworks */,
				A9D3D4F52350E7A3004F46AC /* CopyFiles */,
				A9D3D50F23513522004F46AC /* Create Distribution Package */,
			);
			buildRules = (
			);
			dependencies = (
			);
			name = bgpage;
			productName = bgpage;
			productReference = A9D3D4F72350E7A3004F46AC /* bgpage */;
			productType = "com.apple.product-type.tool";
		};
/* End PBXNativeTarget section */

/* Begin PBXProject section */
		A9D3D4EF2350E7A3004F46AC /* Project object */ = {
			isa = PBXProject;
			attributes = {
				LastSwiftUpdateCheck = 1120;
				LastUpgradeCheck = 1120;
				ORGANIZATIONNAME = "Jeff Fredrickson";
				TargetAttributes = {
					A9D3D4F62350E7A3004F46AC = {
						CreatedOnToolsVersion = 11.2;
					};
				};
			};
			buildConfigurationList = A9D3D4F22350E7A3004F46AC /* Build configuration list for PBXProject "bgpage" */;
			compatibilityVersion = "Xcode 9.3";
			developmentRegion = en;
			hasScannedForEncodings = 0;
			knownRegions = (
				en,
				Base,
			);
			mainGroup = A9D3D4EE2350E7A3004F46AC;
			productRefGroup = A9D3D4F82350E7A3004F46AC /* Products */;
			projectDirPath = "";
			projectRoot = "";
			targets = (
				A9D3D4F62350E7A3004F46AC /* bgpage */,
			);
		};
/* End PBXProject section */

/* Begin PBXShellScriptBuildPhase section */
		A9D3D50F23513522004F46AC /* Create Distribution Package */ = {
			isa = PBXShellScriptBuildPhase;
			buildActionMask = 2147483647;
			files = (
			);
			inputFileListPaths = (
			);
			inputPaths = (
			);
			name = "Create Distribution Package";
			outputFileListPaths = (
			);
			outputPaths = (
			);
			runOnlyForDeploymentPostprocessing = 0;
			shellPath = /bin/sh;
			shellScript = "${PROJECT_DIR}/scripts/dist.sh\n";
			showEnvVarsInLog = 0;
		};
/* End PBXShellScriptBuildPhase section */

/* Begin PBXSourcesBuildPhase section */
		A9D3D4F32350E7A3004F46AC /* Sources */ = {
			isa = PBXSourcesBuildPhase;
			buildActionMask = 2147483647;
			files = (
				A9D3D4FB2350E7A3004F46AC /* main.swift in Sources */,
				A9D3D50D23510E08004F46AC /* WebViewInjector.swift in Sources */,
			);
			runOnlyForDeploymentPostprocessing = 0;
		};
/* End PBXSourcesBuildPhase section */

/* Begin XCBuildConfiguration section */
		A9D3D4FC2350E7A3004F46AC /* Debug */ = {
			isa = XCBuildConfiguration;
			buildSettings = {
				ALWAYS_SEARCH_USER_PATHS = NO;
				CLANG_ANALYZER_NONNULL = YES;
				CLANG_ANALYZER_NUMBER_OBJECT_CONVERSION = YES_AGGRESSIVE;
				CLANG_CXX_LANGUAGE_STANDARD = "gnu++14";
				CLANG_CXX_LIBRARY = "libc++";
				CLANG_ENABLE_MODULES = YES;
				CLANG_ENABLE_OBJC_ARC = YES;
				CLANG_ENABLE_OBJC_WEAK = YES;
				CLANG_WARN_BLOCK_CAPTURE_AUTORELEASING = YES;
				CLANG_WARN_BOOL_CONVERSION = YES;
				CLANG_WARN_COMMA = YES;
				CLANG_WARN_CONSTANT_CONVERSION = YES;
				CLANG_WARN_DEPRECATED_OBJC_IMPLEMENTATIONS = YES;
				CLANG_WARN_DIRECT_OBJC_ISA_USAGE = YES_ERROR;
				CLANG_WARN_DOCUMENTATION_COMMENTS = YES;
				CLANG_WARN_EMPTY_BODY = YES;
				CLANG_WARN_ENUM_CONVERSION = YES;
				CLANG_WARN_INFINITE_RECURSION = YES;
				CLANG_WARN_INT_CONVERSION = YES;
				CLANG_WARN_NON_LITERAL_NULL_CONVERSION = YES;
				CLANG_WARN_OBJC_IMPLICIT_RETAIN_SELF = YES;
				CLANG_WARN_OBJC_LITERAL_CONVERSION = YES;
				CLANG_WARN_OBJC_ROOT_CLASS = YES_ERROR;
				CLANG_WARN_RANGE_LOOP_ANALYSIS = YES;
				CLANG_WARN_STRICT_PROTOTYPES = YES;
				CLANG_WARN_SUSPICIOUS_MOVE = YES;
				CLANG_WARN_UNGUARDED_AVAILABILITY = YES_AGGRESSIVE;
				CLANG_WARN_UNREACHABLE_CODE = YES;
				CLANG_WARN__DUPLICATE_METHOD_MATCH = YES;
				COPY_PHASE_STRIP = NO;
				DEBUG_INFORMATION_FORMAT = dwarf;
				ENABLE_STRICT_OBJC_MSGSEND = YES;
				ENABLE_TESTABILITY = YES;
				GCC_C_LANGUAGE_STANDARD = gnu11;
				GCC_DYNAMIC_NO_PIC = NO;
				GCC_NO_COMMON_BLOCKS = YES;
				GCC_OPTIMIZATION_LEVEL = 0;
				GCC_PREPROCESSOR_DEFINITIONS = (
					"DEBUG=1",
					"$(inherited)",
				);
				GCC_WARN_64_TO_32_BIT_CONVERSION = YES;
				GCC_WARN_ABOUT_RETURN_TYPE = YES_ERROR;
				GCC_WARN_UNDECLARED_SELECTOR = YES;
				GCC_WARN_UNINITIALIZED_AUTOS = YES_AGGRESSIVE;
				GCC_WARN_UNUSED_FUNCTION = YES;
				GCC_WARN_UNUSED_VARIABLE = YES;
				MACOSX_DEPLOYMENT_TARGET = 10.12;
				MTL_ENABLE_DEBUG_INFO = INCLUDE_SOURCE;
				MTL_FAST_MATH = YES;
				ONLY_ACTIVE_ARCH = YES;
				SDKROOT = macosx;
				SWIFT_ACTIVE_COMPILATION_CONDITIONS = DEBUG;
				SWIFT_OPTIMIZATION_LEVEL = "-Onone";
			};
			name = Debug;
		};
		A9D3D4FD2350E7A3004F46AC /* Release */ = {
			isa = XCBuildConfiguration;
			buildSettings = {
				ALWAYS_SEARCH_USER_PATHS = NO;
				CLANG_ANALYZER_NONNULL = YES;
				CLANG_ANALYZER_NUMBER_OBJECT_CONVERSION = YES_AGGRESSIVE;
				CLANG_CXX_LANGUAGE_STANDARD = "gnu++14";
				CLANG_CXX_LIBRARY = "libc++";
				CLANG_ENABLE_MODULES = YES;
				CLANG_ENABLE_OBJC_ARC = YES;
				CLANG_ENABLE_OBJC_WEAK = YES;
				CLANG_WARN_BLOCK_CAPTURE_AUTORELEASING = YES;
				CLANG_WARN_BOOL_CONVERSION = YES;
				CLANG_WARN_COMMA = YES;
				CLANG_WARN_CONSTANT_CONVERSION = YES;
				CLANG_WARN_DEPRECATED_OBJC_IMPLEMENTATIONS = YES;
				CLANG_WARN_DIRECT_OBJC_ISA_USAGE = YES_ERROR;
				CLANG_WARN_DOCUMENTATION_COMMENTS = YES;
				CLANG_WARN_EMPTY_BODY = YES;
				CLANG_WARN_ENUM_CONVERSION = YES;
				CLANG_WARN_INFINITE_RECURSION = YES;
				CLANG_WARN_INT_CONVERSION = YES;
				CLANG_WARN_NON_LITERAL_NULL_CONVERSION = YES;
				CLANG_WARN_OBJC_IMPLICIT_RETAIN_SELF = YES;
				CLANG_WARN_OBJC_LITERAL_CONVERSION = YES;
				CLANG_WARN_OBJC_ROOT_CLASS = YES_ERROR;
				CLANG_WARN_RANGE_LOOP_ANALYSIS = YES;
				CLANG_WARN_STRICT_PROTOTYPES = YES;
				CLANG_WARN_SUSPICIOUS_MOVE = YES;
				CLANG_WARN_UNGUARDED_AVAILABILITY = YES_AGGRESSIVE;
				CLANG_WARN_UNREACHABLE_CODE = YES;
				CLANG_WARN__DUPLICATE_METHOD_MATCH = YES;
				COPY_PHASE_STRIP = NO;
				DEBUG_INFORMATION_FORMAT = "dwarf-with-dsym";
				ENABLE_NS_ASSERTIONS = NO;
				ENABLE_STRICT_OBJC_MSGSEND = YES;
				GCC_C_LANGUAGE_STANDARD = gnu11;
				GCC_NO_COMMON_BLOCKS = YES;
				GCC_WARN_64_TO_32_BIT_CONVERSION = YES;
				GCC_WARN_ABOUT_RETURN_TYPE = YES_ERROR;
				GCC_WARN_UNDECLARED_SELECTOR = YES;
				GCC_WARN_UNINITIALIZED_AUTOS = YES_AGGRESSIVE;
				GCC_WARN_UNUSED_FUNCTION = YES;
				GCC_WARN_UNUSED_VARIABLE = YES;
				MACOSX_DEPLOYMENT_TARGET = 10.12;
				MTL_ENABLE_DEBUG_INFO = NO;
				MTL_FAST_MATH = YES;
				SDKROOT = macosx;
				SWIFT_COMPILATION_MODE = wholemodule;
				SWIFT_OPTIMIZATION_LEVEL = "-O";
			};
			name = Release;
		};
		A9D3D4FF2350E7A3004F46AC /* Debug */ = {
			isa = XCBuildConfiguration;
			buildSettings = {
				CODE_SIGN_STYLE = Automatic;
				DEVELOPMENT_TEAM = 79JQZNXB8V;
				ENABLE_HARDENED_RUNTIME = YES;
				INFOPLIST_FILE = "$(SRCROOT)/bgpage/Info.plist";
				MARKETING_VERSION = 123;
				PRODUCT_BUNDLE_IDENTIFIER = bgpage;
				PRODUCT_NAME = "$(TARGET_NAME)";
				SWIFT_VERSION = 5.0;
			};
			name = Debug;
		};
		A9D3D5002350E7A3004F46AC /* Release */ = {
			isa = XCBuildConfiguration;
			buildSettings = {
				CODE_SIGN_STYLE = Automatic;
				DEVELOPMENT_TEAM = 79JQZNXB8V;
				ENABLE_HARDENED_RUNTIME = YES;
				INFOPLIST_FILE = "$(SRCROOT)/bgpage/Info.plist";
				MARKETING_VERSION = 123;
				PRODUCT_BUNDLE_IDENTIFIER = bgpage;
				PRODUCT_NAME = "$(TARGET_NAME)";
				SWIFT_VERSION = 5.0;
			};
			name = Release;
		};
/* End XCBuildConfiguration section */

/* Begin XCConfigurationList section */
		A9D3D4F22350E7A3004F46AC /* Build configuration list for PBXProject "bgpage" */ = {
			isa = XCConfigurationList;
			buildConfigurations = (
				A9D3D4FC2350E7A3004F46AC /* Debug */,
				A9D3D4FD2350E7A3004F46AC /* Release */,
			);
			defaultConfigurationIsVisible = 0;
			defaultConfigurationName = Release;
		};
		A9D3D4FE2350E7A3004F46AC /* Build configuration list for PBXNativeTarget "bgpage" */ = {
			isa = XCConfigurationList;
			buildConfigurations = (
				A9D3D4FF2350E7A3004F46AC /* Debug */,
				A9D3D5002350E7A3004F46AC /* Release */,
			);
			defaultConfigurationIsVisible = 0;
			defaultConfigurationName = Release;
		};
/* End XCConfigurationList section */
	};
	rootObject = A9D3D4EF2350E7A3004F46AC /* Project object */;
}
